
Microsoft Visual Studio Solution File, Format Version 12.00
# Visual Studio Version 17
VisualStudioVersion = 17.0.31903.59
MinimumVisualStudioVersion = 10.0.40219.1
Project("{FAE04EC0-301F-11D3-BF4B-00C04F79EFBC}") = "NoughtsAndCrosses.API", "NoughtsAndCrosses.API\NoughtsAndCrosses.API.csproj", "{F4E504C5-56FF-4E98-BF3D-547B2CF693A0}"
EndProject
Project("{FAE04EC0-301F-11D3-BF4B-00C04F79EFBC}") = "NoughtsAndCrosses.Infrastructure.Data", "NoughtsAndCrosses.Infrastructure.Data\NoughtsAndCrosses.Infrastructure.Data.csproj", "{95EFEBFE-7D2D-4C38-B5DD-F8895343B1F6}"
EndProject
Project("{FAE04EC0-301F-11D3-BF4B-00C04F79EFBC}") = "NoughtsAndCrosses.Application", "NoughtsAndCrosses.Application\NoughtsAndCrosses.Application.csproj", "{E672AA17-4AD2-4E6B-8512-4135308106E1}"
EndProject
Project("{2150E333-8FDC-42A3-9474-1A3956D46DE8}") = "Solution Items", "Solution Items", "{306ADCE1-8324-4529-843E-72402909ED35}"
	ProjectSection(SolutionItems) = preProject
		docker-compose.yml = docker-compose.yml
		docker-compose.apps.yml = docker-compose.apps.yml
	EndProjectSection
EndProject
Global
	GlobalSection(SolutionConfigurationPlatforms) = preSolution
		Debug|Any CPU = Debug|Any CPU
		Release|Any CPU = Release|Any CPU
	EndGlobalSection
	GlobalSection(SolutionProperties) = preSolution
		HideSolutionNode = FALSE
	EndGlobalSection
	GlobalSection(ProjectConfigurationPlatforms) = postSolution
		{F4E504C5-56FF-4E98-BF3D-547B2CF693A0}.Debug|Any CPU.ActiveCfg = Debug|Any CPU
		{F4E504C5-56FF-4E98-BF3D-547B2CF693A0}.Debug|Any CPU.Build.0 = Debug|Any CPU
		{F4E504C5-56FF-4E98-BF3D-547B2CF693A0}.Release|Any CPU.ActiveCfg = Release|Any CPU
		{F4E504C5-56FF-4E98-BF3D-547B2CF693A0}.Release|Any CPU.Build.0 = Release|Any CPU
		{95EFEBFE-7D2D-4C38-B5DD-F8895343B1F6}.Debug|Any CPU.ActiveCfg = Debug|Any CPU
		{95EFEBFE-7D2D-4C38-B5DD-F8895343B1F6}.Debug|Any CPU.Build.0 = Debug|Any CPU
		{95EFEBFE-7D2D-4C38-B5DD-F8895343B1F6}.Release|Any CPU.ActiveCfg = Release|Any CPU
		{95EFEBFE-7D2D-4C38-B5DD-F8895343B1F6}.Release|Any CPU.Build.0 = Release|Any CPU
		{E672AA17-4AD2-4E6B-8512-4135308106E1}.Debug|Any CPU.ActiveCfg = Debug|Any CPU
		{E672AA17-4AD2-4E6B-8512-4135308106E1}.Debug|Any CPU.Build.0 = Debug|Any CPU
		{E672AA17-4AD2-4E6B-8512-4135308106E1}.Release|Any CPU.ActiveCfg = Release|Any CPU
		{E672AA17-4AD2-4E6B-8512-4135308106E1}.Release|Any CPU.Build.0 = Release|Any CPU
	EndGlobalSection
EndGlobal
